
Microsoft Visual Studio Solution File, Format Version 12.00
# Visual Studio Version 17
VisualStudioVersion = 17.0.31903.59
MinimumVisualStudioVersion = 10.0.40219.1
Project("{2150E333-8FDC-42A3-9474-1A3956D46DE8}") = "Services", "Services", "{E12FC4E2-E2B6-4FB5-ABB9-7CF013DF9E07}"
EndProject
Project("{2150E333-8FDC-42A3-9474-1A3956D46DE8}") = "Accounts", "Accounts", "{DA9C3B64-A15E-4560-9B8C-A4DBB8699492}"
EndProject
Project("{2150E333-8FDC-42A3-9474-1A3956D46DE8}") = "Cards", "Cards", "{F9815DA7-CFF2-4718-92B1-CBD41619FBCA}"
EndProject
Project("{2150E333-8FDC-42A3-9474-1A3956D46DE8}") = "Identity", "Identity", "{10DFF7D2-7692-457E-ADE9-A38882D89AF6}"
EndProject
Project("{2150E333-8FDC-42A3-9474-1A3956D46DE8}") = "Payments", "Payments", "{BA942F6F-4440-45FB-9AC6-CE336419B59C}"
EndProject
Project("{2150E333-8FDC-42A3-9474-1A3956D46DE8}") = "Shared", "Shared", "{CD5A2101-D229-4C49-8C2D-AF92839E1980}"
EndProject
Project("{2150E333-8FDC-42A3-9474-1A3956D46DE8}") = "CQRS", "CQRS", "{A8FCED00-56C0-4097-84FB-394A81C329E1}"
EndProject
Project("{2150E333-8FDC-42A3-9474-1A3956D46DE8}") = "EventBus", "EventBus", "{1271945B-4276-4D94-AA6B-3A16FC2B68E4}"
EndProject
Project("{9A19103F-16F7-4668-BE54-9A1E7A4F7556}") = "PUCBanking.Shared.CQRS", "Shared\CQRS\PUCBanking.Shared.CQRS\PUCBanking.Shared.CQRS.csproj", "{95A42E00-AFF6-4D10-9B3B-1CD88F21EFEC}"
EndProject
Project("{9A19103F-16F7-4668-BE54-9A1E7A4F7556}") = "PUCBanking.Shared.EventBus", "Shared\EventBus\PUCBanking.Shared.EventBus\PUCBanking.Shared.EventBus.csproj", "{5808DAB1-9151-4624-9513-DA59A08DA0C3}"
EndProject
Project("{9A19103F-16F7-4668-BE54-9A1E7A4F7556}") = "PUCBanking.Shared.EventBus.RabbitMQ", "Shared\EventBus\PUCBanking.Shared.EventBus.RabbitMQ\PUCBanking.Shared.EventBus.RabbitMQ.csproj", "{DF99D237-32EF-4C06-AB2A-F7CC802E398F}"
EndProject
Project("{9A19103F-16F7-4668-BE54-9A1E7A4F7556}") = "PUCBanking.Identity.API", "Services\Identity\PUCBanking.Identity.API\PUCBanking.Identity.API.csproj", "{4F0DD001-093F-43F4-BCDC-12FC82AEC2AC}"
EndProject
Project("{9A19103F-16F7-4668-BE54-9A1E7A4F7556}") = "PUCBanking.Identity.IntegrationEvents", "Services\Identity\PUCBanking.Identity.IntegrationEvents\PUCBanking.Identity.IntegrationEvents.csproj", "{BB7BF281-56BF-43E9-9F31-AA631FFAF46B}"
EndProject
Project("{2150E333-8FDC-42A3-9474-1A3956D46DE8}") = "Tests", "Tests", "{4B09FEE2-7655-438E-BD53-0143B9E320C6}"
EndProject
Project("{9A19103F-16F7-4668-BE54-9A1E7A4F7556}") = "PUCBanking.Identity.UnitTests", "Tests\Services\Identity\PUCBanking.Identity.UnitTests\PUCBanking.Identity.UnitTests.csproj", "{C6ECB15C-7321-4F76-8A08-A6FB8A071BB4}"
EndProject
Project("{2150E333-8FDC-42A3-9474-1A3956D46DE8}") = "Validations", "Validations", "{DBA94CF8-EFBC-4C13-9F74-93336E42A2AC}"
EndProject
Project("{9A19103F-16F7-4668-BE54-9A1E7A4F7556}") = "PUCBanking.Shared.Validations", "Shared\Validations\PUCBanking.Shared.Validations\PUCBanking.Shared.Validations.csproj", "{FCF6A298-8CB3-4F9B-9D7C-A6DD40FFBF4D}"
EndProject
Project("{9A19103F-16F7-4668-BE54-9A1E7A4F7556}") = "PUCBanking.Accounts.API", "Services\Accounts\PUCBanking.Accounts.API\PUCBanking.Accounts.API.csproj", "{84560BD9-D8BB-4B6D-89DD-F840A8CBE016}"
EndProject
Project("{2150E333-8FDC-42A3-9474-1A3956D46DE8}") = "Tests", "Tests", "{84AE83A7-FEDA-4D00-AC00-85C954F92C8A}"
EndProject
Project("{9A19103F-16F7-4668-BE54-9A1E7A4F7556}") = "PUCBanking.Accounts.UnitTests", "Tests\Services\Accounts\PUCBanking.Accounts.UnitTests\PUCBanking.Accounts.UnitTests.csproj", "{B206E233-A907-4157-B838-A4381352422F}"
EndProject
Project("{9A19103F-16F7-4668-BE54-9A1E7A4F7556}") = "PUCBanking.Accounts.IntegrationEvents", "Services\Accounts\PUCBanking.Accounts.IntegrationEvents\PUCBanking.Accounts.IntegrationEvents.csproj", "{CC262136-2226-48C6-8C1A-FCFB24F18148}"
EndProject
Project("{9A19103F-16F7-4668-BE54-9A1E7A4F7556}") = "PUCBanking.Cards.API", "Services\Cards\PUCBanking.Cards.API\PUCBanking.Cards.API.csproj", "{DDA9D422-52A6-46F8-B9C8-FAE761E0C75A}"
EndProject
Project("{2150E333-8FDC-42A3-9474-1A3956D46DE8}") = "Tests", "Tests", "{18604000-37F2-4E27-9AC4-72604679F101}"
EndProject
Project("{9A19103F-16F7-4668-BE54-9A1E7A4F7556}") = "PUCBanking.Cards.UnitTests", "Tests\Services\Cards\PUCBanking.Cards.UnitTests\PUCBanking.Cards.UnitTests.csproj", "{F392FBF8-A5FB-4AFA-981D-74B1DD72D35A}"
EndProject
Project("{9A19103F-16F7-4668-BE54-9A1E7A4F7556}") = "PUCBanking.Payments.API", "Services\Payments\PUCBanking.Payments.API\PUCBanking.Payments.API.csproj", "{2C113482-DA9A-4C09-9536-B98D79369CD1}"
EndProject
Project("{9A19103F-16F7-4668-BE54-9A1E7A4F7556}") = "PUCBanking.Payments.IntegrationEvents", "Services\Payments\PUCBanking.Payments.IntegrationEvents\PUCBanking.Payments.IntegrationEvents.csproj", "{DDFEB05F-F601-4883-A92D-1B0D096C9998}"
EndProject
Project("{9A19103F-16F7-4668-BE54-9A1E7A4F7556}") = "PUCBanking.Cards.IntegrationEvents", "Services\Cards\PUCBanking.Cards.IntegrationEvents\PUCBanking.Cards.IntegrationEvents.csproj", "{F67CE84D-3381-404D-9998-5275826DD94E}"
EndProject
Project("{2150E333-8FDC-42A3-9474-1A3956D46DE8}") = "APIGateway", "APIGateway", "{A2390D13-E301-40A0-87B5-D8D66B9123E1}"
EndProject
Project("{FAE04EC0-301F-11D3-BF4B-00C04F79EFBC}") = "PUCBanking.APIGateway", "ApiGateways\PUCBanking.APIGateway\PUCBanking.APIGateway.csproj", "{C172191E-3E82-4C51-BE26-94A65A92CA8B}"
EndProject
Global
	GlobalSection(SolutionConfigurationPlatforms) = preSolution
		Debug|Any CPU = Debug|Any CPU
		Release|Any CPU = Release|Any CPU
	EndGlobalSection
	GlobalSection(ProjectConfigurationPlatforms) = postSolution
		{95A42E00-AFF6-4D10-9B3B-1CD88F21EFEC}.Debug|Any CPU.ActiveCfg = Debug|Any CPU
		{95A42E00-AFF6-4D10-9B3B-1CD88F21EFEC}.Debug|Any CPU.Build.0 = Debug|Any CPU
		{95A42E00-AFF6-4D10-9B3B-1CD88F21EFEC}.Release|Any CPU.ActiveCfg = Release|Any CPU
		{95A42E00-AFF6-4D10-9B3B-1CD88F21EFEC}.Release|Any CPU.Build.0 = Release|Any CPU
		{5808DAB1-9151-4624-9513-DA59A08DA0C3}.Debug|Any CPU.ActiveCfg = Debug|Any CPU
		{5808DAB1-9151-4624-9513-DA59A08DA0C3}.Debug|Any CPU.Build.0 = Debug|Any CPU
		{5808DAB1-9151-4624-9513-DA59A08DA0C3}.Release|Any CPU.ActiveCfg = Release|Any CPU
		{5808DAB1-9151-4624-9513-DA59A08DA0C3}.Release|Any CPU.Build.0 = Release|Any CPU
		{DF99D237-32EF-4C06-AB2A-F7CC802E398F}.Debug|Any CPU.ActiveCfg = Debug|Any CPU
		{DF99D237-32EF-4C06-AB2A-F7CC802E398F}.Debug|Any CPU.Build.0 = Debug|Any CPU
		{DF99D237-32EF-4C06-AB2A-F7CC802E398F}.Release|Any CPU.ActiveCfg = Release|Any CPU
		{DF99D237-32EF-4C06-AB2A-F7CC802E398F}.Release|Any CPU.Build.0 = Release|Any CPU
		{4F0DD001-093F-43F4-BCDC-12FC82AEC2AC}.Debug|Any CPU.ActiveCfg = Debug|Any CPU
		{4F0DD001-093F-43F4-BCDC-12FC82AEC2AC}.Debug|Any CPU.Build.0 = Debug|Any CPU
		{4F0DD001-093F-43F4-BCDC-12FC82AEC2AC}.Release|Any CPU.ActiveCfg = Release|Any CPU
		{4F0DD001-093F-43F4-BCDC-12FC82AEC2AC}.Release|Any CPU.Build.0 = Release|Any CPU
		{BB7BF281-56BF-43E9-9F31-AA631FFAF46B}.Debug|Any CPU.ActiveCfg = Debug|Any CPU
		{BB7BF281-56BF-43E9-9F31-AA631FFAF46B}.Debug|Any CPU.Build.0 = Debug|Any CPU
		{BB7BF281-56BF-43E9-9F31-AA631FFAF46B}.Release|Any CPU.ActiveCfg = Release|Any CPU
		{BB7BF281-56BF-43E9-9F31-AA631FFAF46B}.Release|Any CPU.Build.0 = Release|Any CPU
		{C6ECB15C-7321-4F76-8A08-A6FB8A071BB4}.Debug|Any CPU.ActiveCfg = Debug|Any CPU
		{C6ECB15C-7321-4F76-8A08-A6FB8A071BB4}.Debug|Any CPU.Build.0 = Debug|Any CPU
		{C6ECB15C-7321-4F76-8A08-A6FB8A071BB4}.Release|Any CPU.ActiveCfg = Release|Any CPU
		{C6ECB15C-7321-4F76-8A08-A6FB8A071BB4}.Release|Any CPU.Build.0 = Release|Any CPU
		{FCF6A298-8CB3-4F9B-9D7C-A6DD40FFBF4D}.Debug|Any CPU.ActiveCfg = Debug|Any CPU
		{FCF6A298-8CB3-4F9B-9D7C-A6DD40FFBF4D}.Debug|Any CPU.Build.0 = Debug|Any CPU
		{FCF6A298-8CB3-4F9B-9D7C-A6DD40FFBF4D}.Release|Any CPU.ActiveCfg = Release|Any CPU
		{FCF6A298-8CB3-4F9B-9D7C-A6DD40FFBF4D}.Release|Any CPU.Build.0 = Release|Any CPU
		{84560BD9-D8BB-4B6D-89DD-F840A8CBE016}.Debug|Any CPU.ActiveCfg = Debug|Any CPU
		{84560BD9-D8BB-4B6D-89DD-F840A8CBE016}.Debug|Any CPU.Build.0 = Debug|Any CPU
		{84560BD9-D8BB-4B6D-89DD-F840A8CBE016}.Release|Any CPU.ActiveCfg = Release|Any CPU
		{84560BD9-D8BB-4B6D-89DD-F840A8CBE016}.Release|Any CPU.Build.0 = Release|Any CPU
		{B206E233-A907-4157-B838-A4381352422F}.Debug|Any CPU.ActiveCfg = Debug|Any CPU
		{B206E233-A907-4157-B838-A4381352422F}.Debug|Any CPU.Build.0 = Debug|Any CPU
		{B206E233-A907-4157-B838-A4381352422F}.Release|Any CPU.ActiveCfg = Release|Any CPU
		{B206E233-A907-4157-B838-A4381352422F}.Release|Any CPU.Build.0 = Release|Any CPU
		{CC262136-2226-48C6-8C1A-FCFB24F18148}.Debug|Any CPU.ActiveCfg = Debug|Any CPU
		{CC262136-2226-48C6-8C1A-FCFB24F18148}.Debug|Any CPU.Build.0 = Debug|Any CPU
		{CC262136-2226-48C6-8C1A-FCFB24F18148}.Release|Any CPU.ActiveCfg = Release|Any CPU
		{CC262136-2226-48C6-8C1A-FCFB24F18148}.Release|Any CPU.Build.0 = Release|Any CPU
		{DDA9D422-52A6-46F8-B9C8-FAE761E0C75A}.Debug|Any CPU.ActiveCfg = Debug|Any CPU
		{DDA9D422-52A6-46F8-B9C8-FAE761E0C75A}.Debug|Any CPU.Build.0 = Debug|Any CPU
		{DDA9D422-52A6-46F8-B9C8-FAE761E0C75A}.Release|Any CPU.ActiveCfg = Release|Any CPU
		{DDA9D422-52A6-46F8-B9C8-FAE761E0C75A}.Release|Any CPU.Build.0 = Release|Any CPU
		{F392FBF8-A5FB-4AFA-981D-74B1DD72D35A}.Debug|Any CPU.ActiveCfg = Debug|Any CPU
		{F392FBF8-A5FB-4AFA-981D-74B1DD72D35A}.Debug|Any CPU.Build.0 = Debug|Any CPU
		{F392FBF8-A5FB-4AFA-981D-74B1DD72D35A}.Release|Any CPU.ActiveCfg = Release|Any CPU
		{F392FBF8-A5FB-4AFA-981D-74B1DD72D35A}.Release|Any CPU.Build.0 = Release|Any CPU
		{2C113482-DA9A-4C09-9536-B98D79369CD1}.Debug|Any CPU.ActiveCfg = Debug|Any CPU
		{2C113482-DA9A-4C09-9536-B98D79369CD1}.Debug|Any CPU.Build.0 = Debug|Any CPU
		{2C113482-DA9A-4C09-9536-B98D79369CD1}.Release|Any CPU.ActiveCfg = Release|Any CPU
		{2C113482-DA9A-4C09-9536-B98D79369CD1}.Release|Any CPU.Build.0 = Release|Any CPU
		{DDFEB05F-F601-4883-A92D-1B0D096C9998}.Debug|Any CPU.ActiveCfg = Debug|Any CPU
		{DDFEB05F-F601-4883-A92D-1B0D096C9998}.Debug|Any CPU.Build.0 = Debug|Any CPU
		{DDFEB05F-F601-4883-A92D-1B0D096C9998}.Release|Any CPU.ActiveCfg = Release|Any CPU
		{DDFEB05F-F601-4883-A92D-1B0D096C9998}.Release|Any CPU.Build.0 = Release|Any CPU
		{F67CE84D-3381-404D-9998-5275826DD94E}.Debug|Any CPU.ActiveCfg = Debug|Any CPU
		{F67CE84D-3381-404D-9998-5275826DD94E}.Debug|Any CPU.Build.0 = Debug|Any CPU
		{F67CE84D-3381-404D-9998-5275826DD94E}.Release|Any CPU.ActiveCfg = Release|Any CPU
		{F67CE84D-3381-404D-9998-5275826DD94E}.Release|Any CPU.Build.0 = Release|Any CPU
		{C172191E-3E82-4C51-BE26-94A65A92CA8B}.Debug|Any CPU.ActiveCfg = Debug|Any CPU
		{C172191E-3E82-4C51-BE26-94A65A92CA8B}.Debug|Any CPU.Build.0 = Debug|Any CPU
		{C172191E-3E82-4C51-BE26-94A65A92CA8B}.Release|Any CPU.ActiveCfg = Release|Any CPU
		{C172191E-3E82-4C51-BE26-94A65A92CA8B}.Release|Any CPU.Build.0 = Release|Any CPU
	EndGlobalSection
	GlobalSection(SolutionProperties) = preSolution
		HideSolutionNode = FALSE
	EndGlobalSection
	GlobalSection(NestedProjects) = preSolution
		{DA9C3B64-A15E-4560-9B8C-A4DBB8699492} = {E12FC4E2-E2B6-4FB5-ABB9-7CF013DF9E07}
		{F9815DA7-CFF2-4718-92B1-CBD41619FBCA} = {E12FC4E2-E2B6-4FB5-ABB9-7CF013DF9E07}
		{10DFF7D2-7692-457E-ADE9-A38882D89AF6} = {E12FC4E2-E2B6-4FB5-ABB9-7CF013DF9E07}
		{BA942F6F-4440-45FB-9AC6-CE336419B59C} = {E12FC4E2-E2B6-4FB5-ABB9-7CF013DF9E07}
		{A8FCED00-56C0-4097-84FB-394A81C329E1} = {CD5A2101-D229-4C49-8C2D-AF92839E1980}
		{1271945B-4276-4D94-AA6B-3A16FC2B68E4} = {CD5A2101-D229-4C49-8C2D-AF92839E1980}
		{95A42E00-AFF6-4D10-9B3B-1CD88F21EFEC} = {A8FCED00-56C0-4097-84FB-394A81C329E1}
		{5808DAB1-9151-4624-9513-DA59A08DA0C3} = {1271945B-4276-4D94-AA6B-3A16FC2B68E4}
		{DF99D237-32EF-4C06-AB2A-F7CC802E398F} = {1271945B-4276-4D94-AA6B-3A16FC2B68E4}
		{4F0DD001-093F-43F4-BCDC-12FC82AEC2AC} = {10DFF7D2-7692-457E-ADE9-A38882D89AF6}
		{BB7BF281-56BF-43E9-9F31-AA631FFAF46B} = {10DFF7D2-7692-457E-ADE9-A38882D89AF6}
		{4B09FEE2-7655-438E-BD53-0143B9E320C6} = {10DFF7D2-7692-457E-ADE9-A38882D89AF6}
		{C6ECB15C-7321-4F76-8A08-A6FB8A071BB4} = {4B09FEE2-7655-438E-BD53-0143B9E320C6}
		{DBA94CF8-EFBC-4C13-9F74-93336E42A2AC} = {CD5A2101-D229-4C49-8C2D-AF92839E1980}
		{FCF6A298-8CB3-4F9B-9D7C-A6DD40FFBF4D} = {DBA94CF8-EFBC-4C13-9F74-93336E42A2AC}
		{84560BD9-D8BB-4B6D-89DD-F840A8CBE016} = {DA9C3B64-A15E-4560-9B8C-A4DBB8699492}
		{84AE83A7-FEDA-4D00-AC00-85C954F92C8A} = {DA9C3B64-A15E-4560-9B8C-A4DBB8699492}
		{B206E233-A907-4157-B838-A4381352422F} = {84AE83A7-FEDA-4D00-AC00-85C954F92C8A}
		{CC262136-2226-48C6-8C1A-FCFB24F18148} = {DA9C3B64-A15E-4560-9B8C-A4DBB8699492}
		{DDA9D422-52A6-46F8-B9C8-FAE761E0C75A} = {F9815DA7-CFF2-4718-92B1-CBD41619FBCA}
		{18604000-37F2-4E27-9AC4-72604679F101} = {F9815DA7-CFF2-4718-92B1-CBD41619FBCA}
		{F392FBF8-A5FB-4AFA-981D-74B1DD72D35A} = {18604000-37F2-4E27-9AC4-72604679F101}
		{2C113482-DA9A-4C09-9536-B98D79369CD1} = {BA942F6F-4440-45FB-9AC6-CE336419B59C}
		{DDFEB05F-F601-4883-A92D-1B0D096C9998} = {BA942F6F-4440-45FB-9AC6-CE336419B59C}
		{F67CE84D-3381-404D-9998-5275826DD94E} = {F9815DA7-CFF2-4718-92B1-CBD41619FBCA}
		{C172191E-3E82-4C51-BE26-94A65A92CA8B} = {A2390D13-E301-40A0-87B5-D8D66B9123E1}
	EndGlobalSection
	GlobalSection(ExtensibilityGlobals) = postSolution
		SolutionGuid = {CFD22571-6C91-4B14-9764-FB8C9DDB637B}
	EndGlobalSection
EndGlobal
