
Microsoft Visual Studio Solution File, Format Version 12.00
# Visual Studio Version 17
VisualStudioVersion = 17.0.31903.59
MinimumVisualStudioVersion = 10.0.40219.1
Project("{2150E333-8FDC-42A3-9474-1A3956D46DE8}") = "Identity", "Identity", "{3F03979B-BAB0-40EE-B5CF-3747247D7E92}"
EndProject
Project("{9A19103F-16F7-4668-BE54-9A1E7A4F7556}") = "PUCBanking.Identity.API", "Services\Identity\PUCBanking.Identity.API\PUCBanking.Identity.API.csproj", "{8A8F023A-A8B7-4B53-8AC9-7606BAFC7BA5}"
EndProject
Project("{2150E333-8FDC-42A3-9474-1A3956D46DE8}") = "Shared", "Shared", "{DB55324A-DD51-4857-A1D1-5C73B156717D}"
EndProject
Project("{9A19103F-16F7-4668-BE54-9A1E7A4F7556}") = "PUCBanking.Shared.CQRS", "Shared\CQRS\PUCBanking.Shared.CQRS\PUCBanking.Shared.CQRS.csproj", "{5113F8A2-D160-4D81-B45A-E3C326ECD31F}"
EndProject
Project("{9A19103F-16F7-4668-BE54-9A1E7A4F7556}") = "PUCBanking.Shared.EventBus", "Shared\EventBus\PUCBanking.Shared.EventBus\PUCBanking.Shared.EventBus.csproj", "{E43F6296-544E-458A-8AFA-08DB9FA02111}"
EndProject
Project("{2150E333-8FDC-42A3-9474-1A3956D46DE8}") = "CQRS", "CQRS", "{4E7592CC-A233-45AA-8552-5BB43668305D}"
EndProject
Project("{2150E333-8FDC-42A3-9474-1A3956D46DE8}") = "EventBus", "EventBus", "{5E80FF99-79DC-4D19-BE7E-1EEE4F191781}"
EndProject
Project("{9A19103F-16F7-4668-BE54-9A1E7A4F7556}") = "PUCBanking.Shared.EventBus.RabbitMQ", "Shared\EventBus\PUCBanking.Shared.EventBus.RabbitMQ\PUCBanking.Shared.EventBus.RabbitMQ.csproj", "{8B7595E9-1857-4EE2-A545-D8EEB87D459C}"
EndProject
Project("{9A19103F-16F7-4668-BE54-9A1E7A4F7556}") = "PUCBanking.Identity.IntegrationEvents", "Services\Identity\PUCBanking.Identity.IntegrationEvents\PUCBanking.Identity.IntegrationEvents.csproj", "{75C5A757-6CBE-4719-B9E8-0CE56A8EAE19}"
EndProject
Project("{2150E333-8FDC-42A3-9474-1A3956D46DE8}") = "Services", "Services", "{BCD3FFC9-86D6-4900-A52F-360A74154A7A}"
EndProject
Project("{2150E333-8FDC-42A3-9474-1A3956D46DE8}") = "Accounts", "Accounts", "{032589D1-74DD-45DD-9FBC-150EE893294D}"
EndProject
Project("{9A19103F-16F7-4668-BE54-9A1E7A4F7556}") = "PUCBanking.Accounts.API", "Services\Accounts\PUCBanking.Accounts.API\PUCBanking.Accounts.API.csproj", "{D8053239-F3F3-4E4A-97ED-50B533B7876C}"
EndProject
Project("{9A19103F-16F7-4668-BE54-9A1E7A4F7556}") = "PUCBanking.Accounts.IntegrationEvents", "Services\Accounts\PUCBanking.Accounts.IntegrationEvents\PUCBanking.Accounts.IntegrationEvents.csproj", "{5C14A7F2-2E9B-4F0F-8B4D-D7A859A93DEF}"
EndProject
Project("{2150E333-8FDC-42A3-9474-1A3956D46DE8}") = "Cards", "Cards", "{AA589710-222C-4200-81FE-F4E5C4A4951F}"
EndProject
Project("{9A19103F-16F7-4668-BE54-9A1E7A4F7556}") = "PUCBanking.Cards.API", "Services\Cards\PUCBanking.Cards.API\PUCBanking.Cards.API.csproj", "{C0914DFA-094F-4CE3-AFA3-43B8DA9B121C}"
EndProject
Project("{2150E333-8FDC-42A3-9474-1A3956D46DE8}") = "ApiGateways", "ApiGateways", "{0258547D-FA10-4E54-BBF3-D21F3400C836}"
EndProject
Project("{2150E333-8FDC-42A3-9474-1A3956D46DE8}") = "Web", "Web", "{2789206A-6949-4320-A626-81E72A29247B}"
EndProject
Project("{9A19103F-16F7-4668-BE54-9A1E7A4F7556}") = "PUCBanking.Web.Gateway", "..\..\..\Development\pmv-ads-2023-2-e4-proj-infra-t6-puc-banking\src\ApiGateways\Web\PUCBanking.Web.Gateway\PUCBanking.Web.Gateway.csproj", "{419E4487-75D1-4C25-A332-B5FDD2331BAE}"
EndProject
Global
	GlobalSection(SolutionConfigurationPlatforms) = preSolution
		Debug|Any CPU = Debug|Any CPU
		Release|Any CPU = Release|Any CPU
	EndGlobalSection
	GlobalSection(ProjectConfigurationPlatforms) = postSolution
		{8A8F023A-A8B7-4B53-8AC9-7606BAFC7BA5}.Debug|Any CPU.ActiveCfg = Debug|Any CPU
		{8A8F023A-A8B7-4B53-8AC9-7606BAFC7BA5}.Debug|Any CPU.Build.0 = Debug|Any CPU
		{8A8F023A-A8B7-4B53-8AC9-7606BAFC7BA5}.Release|Any CPU.ActiveCfg = Release|Any CPU
		{8A8F023A-A8B7-4B53-8AC9-7606BAFC7BA5}.Release|Any CPU.Build.0 = Release|Any CPU
		{5113F8A2-D160-4D81-B45A-E3C326ECD31F}.Debug|Any CPU.ActiveCfg = Debug|Any CPU
		{5113F8A2-D160-4D81-B45A-E3C326ECD31F}.Debug|Any CPU.Build.0 = Debug|Any CPU
		{5113F8A2-D160-4D81-B45A-E3C326ECD31F}.Release|Any CPU.ActiveCfg = Release|Any CPU
		{5113F8A2-D160-4D81-B45A-E3C326ECD31F}.Release|Any CPU.Build.0 = Release|Any CPU
		{E43F6296-544E-458A-8AFA-08DB9FA02111}.Debug|Any CPU.ActiveCfg = Debug|Any CPU
		{E43F6296-544E-458A-8AFA-08DB9FA02111}.Debug|Any CPU.Build.0 = Debug|Any CPU
		{E43F6296-544E-458A-8AFA-08DB9FA02111}.Release|Any CPU.ActiveCfg = Release|Any CPU
		{E43F6296-544E-458A-8AFA-08DB9FA02111}.Release|Any CPU.Build.0 = Release|Any CPU
		{8B7595E9-1857-4EE2-A545-D8EEB87D459C}.Debug|Any CPU.ActiveCfg = Debug|Any CPU
		{8B7595E9-1857-4EE2-A545-D8EEB87D459C}.Debug|Any CPU.Build.0 = Debug|Any CPU
		{8B7595E9-1857-4EE2-A545-D8EEB87D459C}.Release|Any CPU.ActiveCfg = Release|Any CPU
		{8B7595E9-1857-4EE2-A545-D8EEB87D459C}.Release|Any CPU.Build.0 = Release|Any CPU
		{75C5A757-6CBE-4719-B9E8-0CE56A8EAE19}.Debug|Any CPU.ActiveCfg = Debug|Any CPU
		{75C5A757-6CBE-4719-B9E8-0CE56A8EAE19}.Debug|Any CPU.Build.0 = Debug|Any CPU
		{75C5A757-6CBE-4719-B9E8-0CE56A8EAE19}.Release|Any CPU.ActiveCfg = Release|Any CPU
		{75C5A757-6CBE-4719-B9E8-0CE56A8EAE19}.Release|Any CPU.Build.0 = Release|Any CPU
		{D8053239-F3F3-4E4A-97ED-50B533B7876C}.Debug|Any CPU.ActiveCfg = Debug|Any CPU
		{D8053239-F3F3-4E4A-97ED-50B533B7876C}.Debug|Any CPU.Build.0 = Debug|Any CPU
		{D8053239-F3F3-4E4A-97ED-50B533B7876C}.Release|Any CPU.ActiveCfg = Release|Any CPU
		{D8053239-F3F3-4E4A-97ED-50B533B7876C}.Release|Any CPU.Build.0 = Release|Any CPU
		{5C14A7F2-2E9B-4F0F-8B4D-D7A859A93DEF}.Debug|Any CPU.ActiveCfg = Debug|Any CPU
		{5C14A7F2-2E9B-4F0F-8B4D-D7A859A93DEF}.Debug|Any CPU.Build.0 = Debug|Any CPU
		{5C14A7F2-2E9B-4F0F-8B4D-D7A859A93DEF}.Release|Any CPU.ActiveCfg = Release|Any CPU
		{5C14A7F2-2E9B-4F0F-8B4D-D7A859A93DEF}.Release|Any CPU.Build.0 = Release|Any CPU
		{C0914DFA-094F-4CE3-AFA3-43B8DA9B121C}.Debug|Any CPU.ActiveCfg = Debug|Any CPU
		{C0914DFA-094F-4CE3-AFA3-43B8DA9B121C}.Debug|Any CPU.Build.0 = Debug|Any CPU
		{C0914DFA-094F-4CE3-AFA3-43B8DA9B121C}.Release|Any CPU.ActiveCfg = Release|Any CPU
		{C0914DFA-094F-4CE3-AFA3-43B8DA9B121C}.Release|Any CPU.Build.0 = Release|Any CPU
		{419E4487-75D1-4C25-A332-B5FDD2331BAE}.Debug|Any CPU.ActiveCfg = Debug|Any CPU
		{419E4487-75D1-4C25-A332-B5FDD2331BAE}.Debug|Any CPU.Build.0 = Debug|Any CPU
		{419E4487-75D1-4C25-A332-B5FDD2331BAE}.Release|Any CPU.ActiveCfg = Release|Any CPU
		{419E4487-75D1-4C25-A332-B5FDD2331BAE}.Release|Any CPU.Build.0 = Release|Any CPU
	EndGlobalSection
	GlobalSection(SolutionProperties) = preSolution
		HideSolutionNode = FALSE
	EndGlobalSection
	GlobalSection(NestedProjects) = preSolution
		{3F03979B-BAB0-40EE-B5CF-3747247D7E92} = {BCD3FFC9-86D6-4900-A52F-360A74154A7A}
		{8A8F023A-A8B7-4B53-8AC9-7606BAFC7BA5} = {3F03979B-BAB0-40EE-B5CF-3747247D7E92}
		{5113F8A2-D160-4D81-B45A-E3C326ECD31F} = {4E7592CC-A233-45AA-8552-5BB43668305D}
		{E43F6296-544E-458A-8AFA-08DB9FA02111} = {5E80FF99-79DC-4D19-BE7E-1EEE4F191781}
		{4E7592CC-A233-45AA-8552-5BB43668305D} = {DB55324A-DD51-4857-A1D1-5C73B156717D}
		{5E80FF99-79DC-4D19-BE7E-1EEE4F191781} = {DB55324A-DD51-4857-A1D1-5C73B156717D}
		{8B7595E9-1857-4EE2-A545-D8EEB87D459C} = {5E80FF99-79DC-4D19-BE7E-1EEE4F191781}
		{75C5A757-6CBE-4719-B9E8-0CE56A8EAE19} = {3F03979B-BAB0-40EE-B5CF-3747247D7E92}
		{032589D1-74DD-45DD-9FBC-150EE893294D} = {BCD3FFC9-86D6-4900-A52F-360A74154A7A}
		{D8053239-F3F3-4E4A-97ED-50B533B7876C} = {032589D1-74DD-45DD-9FBC-150EE893294D}
		{5C14A7F2-2E9B-4F0F-8B4D-D7A859A93DEF} = {032589D1-74DD-45DD-9FBC-150EE893294D}
		{AA589710-222C-4200-81FE-F4E5C4A4951F} = {BCD3FFC9-86D6-4900-A52F-360A74154A7A}
		{C0914DFA-094F-4CE3-AFA3-43B8DA9B121C} = {AA589710-222C-4200-81FE-F4E5C4A4951F}
		{2789206A-6949-4320-A626-81E72A29247B} = {0258547D-FA10-4E54-BBF3-D21F3400C836}
		{419E4487-75D1-4C25-A332-B5FDD2331BAE} = {2789206A-6949-4320-A626-81E72A29247B}
	EndGlobalSection
	GlobalSection(ExtensibilityGlobals) = postSolution
		SolutionGuid = {104CF328-E2E4-4502-8F10-4650DE2E1AF6}
	EndGlobalSection
EndGlobal
